// !$*UTF8*$!
{
	archiveVersion = 1;
	classes = {
	};
	objectVersion = 46;
	objects = {

/* Begin PBXBuildFile section */
		CF6BAFCA1D6FEA6100ED2D6D /* AppDelegate.swift in Sources */ = {isa = PBXBuildFile; fileRef = CF6BAFC91D6FEA6100ED2D6D /* AppDelegate.swift */; };
		CF6BAFCC1D6FEA6100ED2D6D /* ViewController.swift in Sources */ = {isa = PBXBuildFile; fileRef = CF6BAFCB1D6FEA6100ED2D6D /* ViewController.swift */; };
		CF6BAFCF1D6FEA6100ED2D6D /* Main.storyboard in Resources */ = {isa = PBXBuildFile; fileRef = CF6BAFCD1D6FEA6100ED2D6D /* Main.storyboard */; };
		CF6BAFD11D6FEA6100ED2D6D /* Assets.xcassets in Resources */ = {isa = PBXBuildFile; fileRef = CF6BAFD01D6FEA6100ED2D6D /* Assets.xcassets */; };
		CF6BAFD41D6FEA6100ED2D6D /* LaunchScreen.storyboard in Resources */ = {isa = PBXBuildFile; fileRef = CF6BAFD21D6FEA6100ED2D6D /* LaunchScreen.storyboard */; };
		CF6BAFE21D6FEA9700ED2D6D /* KeyboardViewController.swift in Sources */ = {isa = PBXBuildFile; fileRef = CF6BAFE11D6FEA9700ED2D6D /* KeyboardViewController.swift */; };
		CF6BAFE61D6FEA9700ED2D6D /* Senti Keyboard.appex in Embed App Extensions */ = {isa = PBXBuildFile; fileRef = CF6BAFDF1D6FEA9700ED2D6D /* Senti Keyboard.appex */; settings = {ATTRIBUTES = (RemoveHeadersOnCopy, ); }; };
		CFA2EB641D726CEC0065E83E /* Keyboard.storyboard in Resources */ = {isa = PBXBuildFile; fileRef = CFA2EB631D726CEC0065E83E /* Keyboard.storyboard */; };
/* End PBXBuildFile section */

/* Begin PBXContainerItemProxy section */
		CF6BAFE41D6FEA9700ED2D6D /* PBXContainerItemProxy */ = {
			isa = PBXContainerItemProxy;
			containerPortal = CF6BAFBE1D6FEA6100ED2D6D /* Project object */;
			proxyType = 1;
			remoteGlobalIDString = CF6BAFDE1D6FEA9700ED2D6D;
			remoteInfo = "Senti Keyboard";
		};
/* End PBXContainerItemProxy section */

/* Begin PBXCopyFilesBuildPhase section */
		CF6BAFEA1D6FEA9700ED2D6D /* Embed App Extensions */ = {
			isa = PBXCopyFilesBuildPhase;
			buildActionMask = 2147483647;
			dstPath = "";
			dstSubfolderSpec = 13;
			files = (
				CF6BAFE61D6FEA9700ED2D6D /* Senti Keyboard.appex in Embed App Extensions */,
			);
			name = "Embed App Extensions";
			runOnlyForDeploymentPostprocessing = 0;
		};
/* End PBXCopyFilesBuildPhase section */

/* Begin PBXFileReference section */
		CF6BAFC61D6FEA6100ED2D6D /* Simple Keyboard Jas.app */ = {isa = PBXFileReference; explicitFileType = wrapper.application; includeInIndex = 0; path = "Simple Keyboard Jas.app"; sourceTree = BUILT_PRODUCTS_DIR; };
		CF6BAFC91D6FEA6100ED2D6D /* AppDelegate.swift */ = {isa = PBXFileReference; lastKnownFileType = sourcecode.swift; path = AppDelegate.swift; sourceTree = "<group>"; };
		CF6BAFCB1D6FEA6100ED2D6D /* ViewController.swift */ = {isa = PBXFileReference; lastKnownFileType = sourcecode.swift; path = ViewController.swift; sourceTree = "<group>"; };
		CF6BAFCE1D6FEA6100ED2D6D /* Base */ = {isa = PBXFileReference; lastKnownFileType = file.storyboard; name = Base; path = Base.lproj/Main.storyboard; sourceTree = "<group>"; };
		CF6BAFD01D6FEA6100ED2D6D /* Assets.xcassets */ = {isa = PBXFileReference; lastKnownFileType = folder.assetcatalog; path = Assets.xcassets; sourceTree = "<group>"; };
		CF6BAFD31D6FEA6100ED2D6D /* Base */ = {isa = PBXFileReference; lastKnownFileType = file.storyboard; name = Base; path = Base.lproj/LaunchScreen.storyboard; sourceTree = "<group>"; };
		CF6BAFD51D6FEA6100ED2D6D /* Info.plist */ = {isa = PBXFileReference; lastKnownFileType = text.plist.xml; path = Info.plist; sourceTree = "<group>"; };
		CF6BAFDF1D6FEA9700ED2D6D /* Senti Keyboard.appex */ = {isa = PBXFileReference; explicitFileType = "wrapper.app-extension"; includeInIndex = 0; path = "Senti Keyboard.appex"; sourceTree = BUILT_PRODUCTS_DIR; };
		CF6BAFE11D6FEA9700ED2D6D /* KeyboardViewController.swift */ = {isa = PBXFileReference; lastKnownFileType = sourcecode.swift; path = KeyboardViewController.swift; sourceTree = "<group>"; };
		CF6BAFE31D6FEA9700ED2D6D /* Info.plist */ = {isa = PBXFileReference; lastKnownFileType = text.plist.xml; path = Info.plist; sourceTree = "<group>"; };
		CFA2EB631D726CEC0065E83E /* Keyboard.storyboard */ = {isa = PBXFileReference; fileEncoding = 4; lastKnownFileType = file.storyboard; path = Keyboard.storyboard; sourceTree = "<group>"; };
/* End PBXFileReference section */

/* Begin PBXFrameworksBuildPhase section */
		CF6BAFC31D6FEA6100ED2D6D /* Frameworks */ = {
			isa = PBXFrameworksBuildPhase;
			buildActionMask = 2147483647;
			files = (
			);
			runOnlyForDeploymentPostprocessing = 0;
		};
		CF6BAFDC1D6FEA9700ED2D6D /* Frameworks */ = {
			isa = PBXFrameworksBuildPhase;
			buildActionMask = 2147483647;
			files = (
			);
			runOnlyForDeploymentPostprocessing = 0;
		};
/* End PBXFrameworksBuildPhase section */

/* Begin PBXGroup section */
		CF6BAFBD1D6FEA6100ED2D6D = {
			isa = PBXGroup;
			children = (
				CF6BAFC81D6FEA6100ED2D6D /* Simple Keyboard Jas */,
				CF6BAFE01D6FEA9700ED2D6D /* Senti Keyboard */,
				CF6BAFC71D6FEA6100ED2D6D /* Products */,
			);
			sourceTree = "<group>";
		};
		CF6BAFC71D6FEA6100ED2D6D /* Products */ = {
			isa = PBXGroup;
			children = (
				CF6BAFC61D6FEA6100ED2D6D /* Simple Keyboard Jas.app */,
				CF6BAFDF1D6FEA9700ED2D6D /* Senti Keyboard.appex */,
			);
			name = Products;
			sourceTree = "<group>";
		};
		CF6BAFC81D6FEA6100ED2D6D /* Simple Keyboard Jas */ = {
			isa = PBXGroup;
			children = (
				CF6BAFC91D6FEA6100ED2D6D /* AppDelegate.swift */,
				CF6BAFCB1D6FEA6100ED2D6D /* ViewController.swift */,
				CF6BAFCD1D6FEA6100ED2D6D /* Main.storyboard */,
				CF6BAFD01D6FEA6100ED2D6D /* Assets.xcassets */,
				CF6BAFD21D6FEA6100ED2D6D /* LaunchScreen.storyboard */,
				CF6BAFD51D6FEA6100ED2D6D /* Info.plist */,
			);
			path = "Simple Keyboard Jas";
			sourceTree = "<group>";
		};
		CF6BAFE01D6FEA9700ED2D6D /* Senti Keyboard */ = {
			isa = PBXGroup;
			children = (
				CF6BAFE11D6FEA9700ED2D6D /* KeyboardViewController.swift */,
				CFA2EB631D726CEC0065E83E /* Keyboard.storyboard */,
				CF6BAFE31D6FEA9700ED2D6D /* Info.plist */,
			);
			path = "Senti Keyboard";
			sourceTree = "<group>";
		};
/* End PBXGroup section */

/* Begin PBXNativeTarget section */
		CF6BAFC51D6FEA6100ED2D6D /* Simple Keyboard Jas */ = {
			isa = PBXNativeTarget;
			buildConfigurationList = CF6BAFD81D6FEA6100ED2D6D /* Build configuration list for PBXNativeTarget "Simple Keyboard Jas" */;
			buildPhases = (
				CF6BAFC21D6FEA6100ED2D6D /* Sources */,
				CF6BAFC31D6FEA6100ED2D6D /* Frameworks */,
				CF6BAFC41D6FEA6100ED2D6D /* Resources */,
				CF6BAFEA1D6FEA9700ED2D6D /* Embed App Extensions */,
			);
			buildRules = (
			);
			dependencies = (
				CF6BAFE51D6FEA9700ED2D6D /* PBXTargetDependency */,
			);
			name = "Simple Keyboard Jas";
			productName = "Simple Keyboard Jas";
			productReference = CF6BAFC61D6FEA6100ED2D6D /* Simple Keyboard Jas.app */;
			productType = "com.apple.product-type.application";
		};
		CF6BAFDE1D6FEA9700ED2D6D /* Senti Keyboard */ = {
			isa = PBXNativeTarget;
			buildConfigurationList = CF6BAFE71D6FEA9700ED2D6D /* Build configuration list for PBXNativeTarget "Senti Keyboard" */;
			buildPhases = (
				CF6BAFDB1D6FEA9700ED2D6D /* Sources */,
				CF6BAFDC1D6FEA9700ED2D6D /* Frameworks */,
				CF6BAFDD1D6FEA9700ED2D6D /* Resources */,
			);
			buildRules = (
			);
			dependencies = (
			);
			name = "Senti Keyboard";
			productName = "Senti Keyboard";
			productReference = CF6BAFDF1D6FEA9700ED2D6D /* Senti Keyboard.appex */;
			productType = "com.apple.product-type.app-extension";
		};
/* End PBXNativeTarget section */

/* Begin PBXProject section */
		CF6BAFBE1D6FEA6100ED2D6D /* Project object */ = {
			isa = PBXProject;
			attributes = {
				LastSwiftUpdateCheck = 0730;
				LastUpgradeCheck = 0730;
				ORGANIZATIONNAME = "Sentient Electronics";
				TargetAttributes = {
					CF6BAFC51D6FEA6100ED2D6D = {
						CreatedOnToolsVersion = 7.3.1;
					};
					CF6BAFDE1D6FEA9700ED2D6D = {
						CreatedOnToolsVersion = 7.3.1;
					};
				};
			};
			buildConfigurationList = CF6BAFC11D6FEA6100ED2D6D /* Build configuration list for PBXProject "Simple Keyboard Jas" */;
			compatibilityVersion = "Xcode 3.2";
			developmentRegion = English;
			hasScannedForEncodings = 0;
			knownRegions = (
				en,
				Base,
			);
			mainGroup = CF6BAFBD1D6FEA6100ED2D6D;
			productRefGroup = CF6BAFC71D6FEA6100ED2D6D /* Products */;
			projectDirPath = "";
			projectRoot = "";
			targets = (
				CF6BAFC51D6FEA6100ED2D6D /* Simple Keyboard Jas */,
				CF6BAFDE1D6FEA9700ED2D6D /* Senti Keyboard */,
			);
		};
/* End PBXProject section */

/* Begin PBXResourcesBuildPhase section */
		CF6BAFC41D6FEA6100ED2D6D /* Resources */ = {
			isa = PBXResourcesBuildPhase;
			buildActionMask = 2147483647;
			files = (
				CF6BAFD41D6FEA6100ED2D6D /* LaunchScreen.storyboard in Resources */,
				CF6BAFD11D6FEA6100ED2D6D /* Assets.xcassets in Resources */,
				CF6BAFCF1D6FEA6100ED2D6D /* Main.storyboard in Resources */,
			);
			runOnlyForDeploymentPostprocessing = 0;
		};
		CF6BAFDD1D6FEA9700ED2D6D /* Resources */ = {
			isa = PBXResourcesBuildPhase;
			buildActionMask = 2147483647;
			files = (
				CFA2EB641D726CEC0065E83E /* Keyboard.storyboard in Resources */,
			);
			runOnlyForDeploymentPostprocessing = 0;
		};
/* End PBXResourcesBuildPhase section */

/* Begin PBXSourcesBuildPhase section */
		CF6BAFC21D6FEA6100ED2D6D /* Sources */ = {
			isa = PBXSourcesBuildPhase;
			buildActionMask = 2147483647;
			files = (
				CF6BAFCC1D6FEA6100ED2D6D /* ViewController.swift in Sources */,
				CF6BAFCA1D6FEA6100ED2D6D /* AppDelegate.swift in Sources */,
			);
			runOnlyForDeploymentPostprocessing = 0;
		};
		CF6BAFDB1D6FEA9700ED2D6D /* Sources */ = {
			isa = PBXSourcesBuildPhase;
			buildActionMask = 2147483647;
			files = (
				CF6BAFE21D6FEA9700ED2D6D /* KeyboardViewController.swift in Sources */,
			);
			runOnlyForDeploymentPostprocessing = 0;
		};
/* End PBXSourcesBuildPhase section */

/* Begin PBXTargetDependency section */
		CF6BAFE51D6FEA9700ED2D6D /* PBXTargetDependency */ = {
			isa = PBXTargetDependency;
			target = CF6BAFDE1D6FEA9700ED2D6D /* Senti Keyboard */;
			targetProxy = CF6BAFE41D6FEA9700ED2D6D /* PBXContainerItemProxy */;
		};
/* End PBXTargetDependency section */

/* Begin PBXVariantGroup section */
		CF6BAFCD1D6FEA6100ED2D6D /* Main.storyboard */ = {
			isa = PBXVariantGroup;
			children = (
				CF6BAFCE1D6FEA6100ED2D6D /* Base */,
			);
			name = Main.storyboard;
			sourceTree = "<group>";
		};
		CF6BAFD21D6FEA6100ED2D6D /* LaunchScreen.storyboard */ = {
			isa = PBXVariantGroup;
			children = (
				CF6BAFD31D6FEA6100ED2D6D /* Base */,
			);
			name = LaunchScreen.storyboard;
			sourceTree = "<group>";
		};
/* End PBXVariantGroup section */

/* Begin XCBuildConfiguration section */
		CF6BAFD61D6FEA6100ED2D6D /* Debug */ = {
			isa = XCBuildConfiguration;
			buildSettings = {
				ALWAYS_SEARCH_USER_PATHS = NO;
				CLANG_ANALYZER_NONNULL = YES;
				CLANG_CXX_LANGUAGE_STANDARD = "gnu++0x";
				CLANG_CXX_LIBRARY = "libc++";
				CLANG_ENABLE_MODULES = YES;
				CLANG_ENABLE_OBJC_ARC = YES;
				CLANG_WARN_BOOL_CONVERSION = YES;
				CLANG_WARN_CONSTANT_CONVERSION = YES;
				CLANG_WARN_DIRECT_OBJC_ISA_USAGE = YES_ERROR;
				CLANG_WARN_EMPTY_BODY = YES;
				CLANG_WARN_ENUM_CONVERSION = YES;
				CLANG_WARN_INT_CONVERSION = YES;
				CLANG_WARN_OBJC_ROOT_CLASS = YES_ERROR;
				CLANG_WARN_UNREACHABLE_CODE = YES;
				CLANG_WARN__DUPLICATE_METHOD_MATCH = YES;
				"CODE_SIGN_IDENTITY[sdk=iphoneos*]" = "iPhone Developer";
				COPY_PHASE_STRIP = NO;
				DEBUG_INFORMATION_FORMAT = dwarf;
				ENABLE_STRICT_OBJC_MSGSEND = YES;
				ENABLE_TESTABILITY = YES;
				GCC_C_LANGUAGE_STANDARD = gnu99;
				GCC_DYNAMIC_NO_PIC = NO;
				GCC_NO_COMMON_BLOCKS = YES;
				GCC_OPTIMIZATION_LEVEL = 0;
				GCC_PREPROCESSOR_DEFINITIONS = (
					"DEBUG=1",
					"$(inherited)",
				);
				GCC_WARN_64_TO_32_BIT_CONVERSION = YES;
				GCC_WARN_ABOUT_RETURN_TYPE = YES_ERROR;
				GCC_WARN_UNDECLARED_SELECTOR = YES;
				GCC_WARN_UNINITIALIZED_AUTOS = YES_AGGRESSIVE;
				GCC_WARN_UNUSED_FUNCTION = YES;
				GCC_WARN_UNUSED_VARIABLE = YES;
				IPHONEOS_DEPLOYMENT_TARGET = 9.3;
				MTL_ENABLE_DEBUG_INFO = YES;
				ONLY_ACTIVE_ARCH = YES;
				SDKROOT = iphoneos;
				SWIFT_OPTIMIZATION_LEVEL = "-Onone";
				TARGETED_DEVICE_FAMILY = "1,2";
			};
			name = Debug;
		};
		CF6BAFD71D6FEA6100ED2D6D /* Release */ = {
			isa = XCBuildConfiguration;
			buildSettings = {
				ALWAYS_SEARCH_USER_PATHS = NO;
				CLANG_ANALYZER_NONNULL = YES;
				CLANG_CXX_LANGUAGE_STANDARD = "gnu++0x";
				CLANG_CXX_LIBRARY = "libc++";
				CLANG_ENABLE_MODULES = YES;
				CLANG_ENABLE_OBJC_ARC = YES;
				CLANG_WARN_BOOL_CONVERSION = YES;
				CLANG_WARN_CONSTANT_CONVERSION = YES;
				CLANG_WARN_DIRECT_OBJC_ISA_USAGE = YES_ERROR;
				CLANG_WARN_EMPTY_BODY = YES;
				CLANG_WARN_ENUM_CONVERSION = YES;
				CLANG_WARN_INT_CONVERSION = YES;
				CLANG_WARN_OBJC_ROOT_CLASS = YES_ERROR;
				CLANG_WARN_UNREACHABLE_CODE = YES;
				CLANG_WARN__DUPLICATE_METHOD_MATCH = YES;
				"CODE_SIGN_IDENTITY[sdk=iphoneos*]" = "iPhone Developer";
				COPY_PHASE_STRIP = NO;
				DEBUG_INFORMATION_FORMAT = "dwarf-with-dsym";
				ENABLE_NS_ASSERTIONS = NO;
				ENABLE_STRICT_OBJC_MSGSEND = YES;
				GCC_C_LANGUAGE_STANDARD = gnu99;
				GCC_NO_COMMON_BLOCKS = YES;
				GCC_WARN_64_TO_32_BIT_CONVERSION = YES;
				GCC_WARN_ABOUT_RETURN_TYPE = YES_ERROR;
				GCC_WARN_UNDECLARED_SELECTOR = YES;
				GCC_WARN_UNINITIALIZED_AUTOS = YES_AGGRESSIVE;
				GCC_WARN_UNUSED_FUNCTION = YES;
				GCC_WARN_UNUSED_VARIABLE = YES;
				IPHONEOS_DEPLOYMENT_TARGET = 9.3;
				MTL_ENABLE_DEBUG_INFO = NO;
				SDKROOT = iphoneos;
				TARGETED_DEVICE_FAMILY = "1,2";
				VALIDATE_PRODUCT = YES;
			};
			name = Release;
		};
		CF6BAFD91D6FEA6100ED2D6D /* Debug */ = {
			isa = XCBuildConfiguration;
			buildSettings = {
				ASSETCATALOG_COMPILER_APPICON_NAME = AppIcon;
				EMBEDDED_CONTENT_CONTAINS_SWIFT = YES;
				INFOPLIST_FILE = "Simple Keyboard Jas/Info.plist";
				LD_RUNPATH_SEARCH_PATHS = "$(inherited) @executable_path/Frameworks";
				PRODUCT_BUNDLE_IDENTIFIER = "data.Simple-Keyboard-Jas";
				PRODUCT_NAME = "$(TARGET_NAME)";
			};
			name = Debug;
		};
		CF6BAFDA1D6FEA6100ED2D6D /* Release */ = {
			isa = XCBuildConfiguration;
			buildSettings = {
				ASSETCATALOG_COMPILER_APPICON_NAME = AppIcon;
				EMBEDDED_CONTENT_CONTAINS_SWIFT = YES;
				INFOPLIST_FILE = "Simple Keyboard Jas/Info.plist";
				LD_RUNPATH_SEARCH_PATHS = "$(inherited) @executable_path/Frameworks";
				PRODUCT_BUNDLE_IDENTIFIER = "data.Simple-Keyboard-Jas";
				PRODUCT_NAME = "$(TARGET_NAME)";
			};
			name = Release;
		};
		CF6BAFE81D6FEA9700ED2D6D /* Debug */ = {
			isa = XCBuildConfiguration;
			buildSettings = {
				INFOPLIST_FILE = "Senti Keyboard/Info.plist";
				LD_RUNPATH_SEARCH_PATHS = "$(inherited) @executable_path/Frameworks @executable_path/../../Frameworks";
				PRODUCT_BUNDLE_IDENTIFIER = "data.Simple-Keyboard-Jas.Senti-Keyboard";
				PRODUCT_NAME = "$(TARGET_NAME)";
				SKIP_INSTALL = YES;
			};
			name = Debug;
		};
		CF6BAFE91D6FEA9700ED2D6D /* Release */ = {
			isa = XCBuildConfiguration;
			buildSettings = {
				INFOPLIST_FILE = "Senti Keyboard/Info.plist";
				LD_RUNPATH_SEARCH_PATHS = "$(inherited) @executable_path/Frameworks @executable_path/../../Frameworks";
				PRODUCT_BUNDLE_IDENTIFIER = "data.Simple-Keyboard-Jas.Senti-Keyboard";
				PRODUCT_NAME = "$(TARGET_NAME)";
				SKIP_INSTALL = YES;
			};
			name = Release;
		};
/* End XCBuildConfiguration section */

/* Begin XCConfigurationList section */
		CF6BAFC11D6FEA6100ED2D6D /* Build configuration list for PBXProject "Simple Keyboard Jas" */ = {
			isa = XCConfigurationList;
			buildConfigurations = (
				CF6BAFD61D6FEA6100ED2D6D /* Debug */,
				CF6BAFD71D6FEA6100ED2D6D /* Release */,
			);
			defaultConfigurationIsVisible = 0;
			defaultConfigurationName = Release;
		};
		CF6BAFD81D6FEA6100ED2D6D /* Build configuration list for PBXNativeTarget "Simple Keyboard Jas" */ = {
			isa = XCConfigurationList;
			buildConfigurations = (
				CF6BAFD91D6FEA6100ED2D6D /* Debug */,
				CF6BAFDA1D6FEA6100ED2D6D /* Release */,
			);
			defaultConfigurationIsVisible = 0;
			defaultConfigurationName = Release;
		};
		CF6BAFE71D6FEA9700ED2D6D /* Build configuration list for PBXNativeTarget "Senti Keyboard" */ = {
			isa = XCConfigurationList;
			buildConfigurations = (
				CF6BAFE81D6FEA9700ED2D6D /* Debug */,
				CF6BAFE91D6FEA9700ED2D6D /* Release */,
			);
			defaultConfigurationIsVisible = 0;
			defaultConfigurationName = Release;
		};
/* End XCConfigurationList section */
	};
	rootObject = CF6BAFBE1D6FEA6100ED2D6D /* Project object */;
}
